
Microsoft Visual Studio Solution File, Format Version 12.00
# Visual Studio Version 17
VisualStudioVersion = 17.9.34714.143
MinimumVisualStudioVersion = 10.0.40219.1
Project("{2150E333-8FDC-42A3-9474-1A3956D46DE8}") = "Unit_0", "Unit_0", "{12473EDB-266D-4889-AB51-110EB163D5A6}"
EndProject
Project("{FAE04EC0-301F-11D3-BF4B-00C04F79EFBC}") = "Exercise_6_0_2", "Exercise_6_0_2\Exercise_6_0_2.csproj", "{7BA05D36-5D22-4D53-9954-279617B6E14F}"
EndProject
Project("{2150E333-8FDC-42A3-9474-1A3956D46DE8}") = "Unit_2", "Unit_2", "{FE441543-AD95-4CF4-A6EC-DAFDE8796A5D}"
EndProject
Project("{FAE04EC0-301F-11D3-BF4B-00C04F79EFBC}") = "Exercise_6_2_0_1", "Exercise_6_2_0_1\Exercise_6_2_0_1.csproj", "{7FE23FC7-7D5F-4510-8204-9EE662975350}"
EndProject
Project("{FAE04EC0-301F-11D3-BF4B-00C04F79EFBC}") = "Exercise_6_2_0_2", "Exercise_6_2_0_2\Exercise_6_2_0_2.csproj", "{62E55118-DCE1-470F-9442-22D90EE3F7A0}"
EndProject
Project("{FAE04EC0-301F-11D3-BF4B-00C04F79EFBC}") = "Exercise_6_2_2", "Exercise_6_2_2\Exercise_6_2_2.csproj", "{43F7B687-9F1A-4A57-8BA6-30CEA03D3C23}"
EndProject
Project("{FAE04EC0-301F-11D3-BF4B-00C04F79EFBC}") = "Exercise_6_2_0_3", "Exercise_6_2_0_3\Exercise_6_2_0_3.csproj", "{DA005200-403B-4CAE-9EAD-3CD908F778EC}"
EndProject
Project("{FAE04EC0-301F-11D3-BF4B-00C04F79EFBC}") = "Exercise_6_2_3", "Exercise_6_2_3\Exercise_6_2_3.csproj", "{F851B65C-D6F3-4AC6-8ACA-5F3E03A873D3}"
EndProject
Project("{FAE04EC0-301F-11D3-BF4B-00C04F79EFBC}") = "Exercise_6_2_8", "Exercise_6_2_8\Exercise_6_2_8.csproj", "{77C8FD6D-AE84-4C7B-842B-AC729D548ED0}"
EndProject
Project("{2150E333-8FDC-42A3-9474-1A3956D46DE8}") = "Unit_3", "Unit_3", "{078C6DA3-68FE-488A-A031-E87C03BE799C}"
EndProject
Project("{FAE04EC0-301F-11D3-BF4B-00C04F79EFBC}") = "Exercise_6_3_1", "Exercise_6_3_1\Exercise_6_3_1.csproj", "{0B964AFD-4ADB-4E1D-8138-BACA994E95A9}"
EndProject
Project("{FAE04EC0-301F-11D3-BF4B-00C04F79EFBC}") = "Exercise_6_3_2", "Exercise_6_3_2\Exercise_6_3_2.csproj", "{2D765C90-6703-4820-9E53-0AB37FA11617}"
EndProject
Project("{FAE04EC0-301F-11D3-BF4B-00C04F79EFBC}") = "Exercise_6_0_1", "Exercise_6_0_1\Exercise_6_0_1.csproj", "{B21DE55B-A918-4FFB-B3CE-460BE7032B79}"
EndProject
Project("{2150E333-8FDC-42A3-9474-1A3956D46DE8}") = "Unit_4", "Unit_4", "{619F44D4-6533-4B22-B11B-3ABC713EA8E7}"
EndProject
Project("{FAE04EC0-301F-11D3-BF4B-00C04F79EFBC}") = "Exercise_6_4_0_1", "Exercise_6_4_0_1\Exercise_6_4_0_1.csproj", "{6A46AD0B-6CCC-4064-A6B8-207BA5396BE0}"
EndProject
Project("{2150E333-8FDC-42A3-9474-1A3956D46DE8}") = "Unit_5", "Unit_5", "{26EF3FCF-5AC1-4E7D-9C6F-F5430DE50BC7}"
EndProject
Project("{FAE04EC0-301F-11D3-BF4B-00C04F79EFBC}") = "Exercise_6_5_2", "Exercise_6_5_2\Exercise_6_5_2.csproj", "{52D1EE4D-543A-4E31-8BEE-772FAED9E1AE}"
EndProject
Project("{2150E333-8FDC-42A3-9474-1A3956D46DE8}") = "Unit_6", "Unit_6", "{00D52B48-DCBC-4FDD-9C2A-8432A14884CE}"
EndProject
Project("{FAE04EC0-301F-11D3-BF4B-00C04F79EFBC}") = "Exercise_6_6_1", "Exercise_6_6_1\Exercise_6_6_1.csproj", "{2A285289-E7B4-4656-8234-FAB895A7D6CD}"
EndProject
Project("{FAE04EC0-301F-11D3-BF4B-00C04F79EFBC}") = "Exercise_6_6_2", "Exercise_6_6_2\Exercise_6_6_2.csproj", "{FC33DA31-6C44-4BFD-A6B5-D13921601C22}"
EndProject
Project("{FAE04EC0-301F-11D3-BF4B-00C04F79EFBC}") = "Exercise_6_0_3", "Exercise_6_0_3\Exercise_6_0_3.csproj", "{BAF6C78F-3B4F-452E-B4D1-32841E27FB81}"
EndProject
Project("{FAE04EC0-301F-11D3-BF4B-00C04F79EFBC}") = "Exercise_6_0_4", "Exercise_6_0_4\Exercise_6_0_4.csproj", "{1B263836-72AB-47FC-9A44-7E2146A9B60A}"
EndProject
Project("{FAE04EC0-301F-11D3-BF4B-00C04F79EFBC}") = "Exercise_6_0_5", "Exercise_6_0_5\Exercise_6_0_5.csproj", "{92A0FB23-C21A-4285-B4BF-47D4EA9E59CC}"
EndProject
Project("{FAE04EC0-301F-11D3-BF4B-00C04F79EFBC}") = "Exercise_6_0_6", "Exercise_6_0_6\Exercise_6_0_6.csproj", "{8F01E97C-E7EA-457E-BD18-9FDFDBF2EE14}"
EndProject
Global
	GlobalSection(SolutionConfigurationPlatforms) = preSolution
		Debug|Any CPU = Debug|Any CPU
		Release|Any CPU = Release|Any CPU
	EndGlobalSection
	GlobalSection(ProjectConfigurationPlatforms) = postSolution
		{7BA05D36-5D22-4D53-9954-279617B6E14F}.Debug|Any CPU.ActiveCfg = Debug|Any CPU
		{7BA05D36-5D22-4D53-9954-279617B6E14F}.Debug|Any CPU.Build.0 = Debug|Any CPU
		{7BA05D36-5D22-4D53-9954-279617B6E14F}.Release|Any CPU.ActiveCfg = Release|Any CPU
		{7BA05D36-5D22-4D53-9954-279617B6E14F}.Release|Any CPU.Build.0 = Release|Any CPU
		{7FE23FC7-7D5F-4510-8204-9EE662975350}.Debug|Any CPU.ActiveCfg = Debug|Any CPU
		{7FE23FC7-7D5F-4510-8204-9EE662975350}.Debug|Any CPU.Build.0 = Debug|Any CPU
		{7FE23FC7-7D5F-4510-8204-9EE662975350}.Release|Any CPU.ActiveCfg = Release|Any CPU
		{7FE23FC7-7D5F-4510-8204-9EE662975350}.Release|Any CPU.Build.0 = Release|Any CPU
		{62E55118-DCE1-470F-9442-22D90EE3F7A0}.Debug|Any CPU.ActiveCfg = Debug|Any CPU
		{62E55118-DCE1-470F-9442-22D90EE3F7A0}.Debug|Any CPU.Build.0 = Debug|Any CPU
		{62E55118-DCE1-470F-9442-22D90EE3F7A0}.Release|Any CPU.ActiveCfg = Release|Any CPU
		{62E55118-DCE1-470F-9442-22D90EE3F7A0}.Release|Any CPU.Build.0 = Release|Any CPU
		{43F7B687-9F1A-4A57-8BA6-30CEA03D3C23}.Debug|Any CPU.ActiveCfg = Debug|Any CPU
		{43F7B687-9F1A-4A57-8BA6-30CEA03D3C23}.Debug|Any CPU.Build.0 = Debug|Any CPU
		{43F7B687-9F1A-4A57-8BA6-30CEA03D3C23}.Release|Any CPU.ActiveCfg = Release|Any CPU
		{43F7B687-9F1A-4A57-8BA6-30CEA03D3C23}.Release|Any CPU.Build.0 = Release|Any CPU
		{DA005200-403B-4CAE-9EAD-3CD908F778EC}.Debug|Any CPU.ActiveCfg = Debug|Any CPU
		{DA005200-403B-4CAE-9EAD-3CD908F778EC}.Debug|Any CPU.Build.0 = Debug|Any CPU
		{DA005200-403B-4CAE-9EAD-3CD908F778EC}.Release|Any CPU.ActiveCfg = Release|Any CPU
		{DA005200-403B-4CAE-9EAD-3CD908F778EC}.Release|Any CPU.Build.0 = Release|Any CPU
		{F851B65C-D6F3-4AC6-8ACA-5F3E03A873D3}.Debug|Any CPU.ActiveCfg = Debug|Any CPU
		{F851B65C-D6F3-4AC6-8ACA-5F3E03A873D3}.Debug|Any CPU.Build.0 = Debug|Any CPU
		{F851B65C-D6F3-4AC6-8ACA-5F3E03A873D3}.Release|Any CPU.ActiveCfg = Release|Any CPU
		{F851B65C-D6F3-4AC6-8ACA-5F3E03A873D3}.Release|Any CPU.Build.0 = Release|Any CPU
		{77C8FD6D-AE84-4C7B-842B-AC729D548ED0}.Debug|Any CPU.ActiveCfg = Debug|Any CPU
		{77C8FD6D-AE84-4C7B-842B-AC729D548ED0}.Debug|Any CPU.Build.0 = Debug|Any CPU
		{77C8FD6D-AE84-4C7B-842B-AC729D548ED0}.Release|Any CPU.ActiveCfg = Release|Any CPU
		{77C8FD6D-AE84-4C7B-842B-AC729D548ED0}.Release|Any CPU.Build.0 = Release|Any CPU
		{0B964AFD-4ADB-4E1D-8138-BACA994E95A9}.Debug|Any CPU.ActiveCfg = Debug|Any CPU
		{0B964AFD-4ADB-4E1D-8138-BACA994E95A9}.Debug|Any CPU.Build.0 = Debug|Any CPU
		{0B964AFD-4ADB-4E1D-8138-BACA994E95A9}.Release|Any CPU.ActiveCfg = Release|Any CPU
		{0B964AFD-4ADB-4E1D-8138-BACA994E95A9}.Release|Any CPU.Build.0 = Release|Any CPU
		{2D765C90-6703-4820-9E53-0AB37FA11617}.Debug|Any CPU.ActiveCfg = Debug|Any CPU
		{2D765C90-6703-4820-9E53-0AB37FA11617}.Debug|Any CPU.Build.0 = Debug|Any CPU
		{2D765C90-6703-4820-9E53-0AB37FA11617}.Release|Any CPU.ActiveCfg = Release|Any CPU
		{2D765C90-6703-4820-9E53-0AB37FA11617}.Release|Any CPU.Build.0 = Release|Any CPU
		{B21DE55B-A918-4FFB-B3CE-460BE7032B79}.Debug|Any CPU.ActiveCfg = Debug|Any CPU
		{B21DE55B-A918-4FFB-B3CE-460BE7032B79}.Debug|Any CPU.Build.0 = Debug|Any CPU
		{B21DE55B-A918-4FFB-B3CE-460BE7032B79}.Release|Any CPU.ActiveCfg = Release|Any CPU
		{B21DE55B-A918-4FFB-B3CE-460BE7032B79}.Release|Any CPU.Build.0 = Release|Any CPU
		{6A46AD0B-6CCC-4064-A6B8-207BA5396BE0}.Debug|Any CPU.ActiveCfg = Debug|Any CPU
		{6A46AD0B-6CCC-4064-A6B8-207BA5396BE0}.Debug|Any CPU.Build.0 = Debug|Any CPU
		{6A46AD0B-6CCC-4064-A6B8-207BA5396BE0}.Release|Any CPU.ActiveCfg = Release|Any CPU
		{6A46AD0B-6CCC-4064-A6B8-207BA5396BE0}.Release|Any CPU.Build.0 = Release|Any CPU
		{52D1EE4D-543A-4E31-8BEE-772FAED9E1AE}.Debug|Any CPU.ActiveCfg = Debug|Any CPU
		{52D1EE4D-543A-4E31-8BEE-772FAED9E1AE}.Debug|Any CPU.Build.0 = Debug|Any CPU
		{52D1EE4D-543A-4E31-8BEE-772FAED9E1AE}.Release|Any CPU.ActiveCfg = Release|Any CPU
		{52D1EE4D-543A-4E31-8BEE-772FAED9E1AE}.Release|Any CPU.Build.0 = Release|Any CPU
		{2A285289-E7B4-4656-8234-FAB895A7D6CD}.Debug|Any CPU.ActiveCfg = Debug|Any CPU
		{2A285289-E7B4-4656-8234-FAB895A7D6CD}.Debug|Any CPU.Build.0 = Debug|Any CPU
		{2A285289-E7B4-4656-8234-FAB895A7D6CD}.Release|Any CPU.ActiveCfg = Release|Any CPU
		{2A285289-E7B4-4656-8234-FAB895A7D6CD}.Release|Any CPU.Build.0 = Release|Any CPU
		{FC33DA31-6C44-4BFD-A6B5-D13921601C22}.Debug|Any CPU.ActiveCfg = Debug|Any CPU
		{FC33DA31-6C44-4BFD-A6B5-D13921601C22}.Debug|Any CPU.Build.0 = Debug|Any CPU
		{FC33DA31-6C44-4BFD-A6B5-D13921601C22}.Release|Any CPU.ActiveCfg = Release|Any CPU
		{FC33DA31-6C44-4BFD-A6B5-D13921601C22}.Release|Any CPU.Build.0 = Release|Any CPU
		{BAF6C78F-3B4F-452E-B4D1-32841E27FB81}.Debug|Any CPU.ActiveCfg = Debug|Any CPU
		{BAF6C78F-3B4F-452E-B4D1-32841E27FB81}.Debug|Any CPU.Build.0 = Debug|Any CPU
		{BAF6C78F-3B4F-452E-B4D1-32841E27FB81}.Release|Any CPU.ActiveCfg = Release|Any CPU
		{BAF6C78F-3B4F-452E-B4D1-32841E27FB81}.Release|Any CPU.Build.0 = Release|Any CPU
		{1B263836-72AB-47FC-9A44-7E2146A9B60A}.Debug|Any CPU.ActiveCfg = Debug|Any CPU
		{1B263836-72AB-47FC-9A44-7E2146A9B60A}.Debug|Any CPU.Build.0 = Debug|Any CPU
		{1B263836-72AB-47FC-9A44-7E2146A9B60A}.Release|Any CPU.ActiveCfg = Release|Any CPU
		{1B263836-72AB-47FC-9A44-7E2146A9B60A}.Release|Any CPU.Build.0 = Release|Any CPU
		{92A0FB23-C21A-4285-B4BF-47D4EA9E59CC}.Debug|Any CPU.ActiveCfg = Debug|Any CPU
		{92A0FB23-C21A-4285-B4BF-47D4EA9E59CC}.Debug|Any CPU.Build.0 = Debug|Any CPU
		{92A0FB23-C21A-4285-B4BF-47D4EA9E59CC}.Release|Any CPU.ActiveCfg = Release|Any CPU
		{92A0FB23-C21A-4285-B4BF-47D4EA9E59CC}.Release|Any CPU.Build.0 = Release|Any CPU
		{8F01E97C-E7EA-457E-BD18-9FDFDBF2EE14}.Debug|Any CPU.ActiveCfg = Debug|Any CPU
		{8F01E97C-E7EA-457E-BD18-9FDFDBF2EE14}.Debug|Any CPU.Build.0 = Debug|Any CPU
		{8F01E97C-E7EA-457E-BD18-9FDFDBF2EE14}.Release|Any CPU.ActiveCfg = Release|Any CPU
		{8F01E97C-E7EA-457E-BD18-9FDFDBF2EE14}.Release|Any CPU.Build.0 = Release|Any CPU
	EndGlobalSection
	GlobalSection(SolutionProperties) = preSolution
		HideSolutionNode = FALSE
	EndGlobalSection
	GlobalSection(NestedProjects) = preSolution
		{7BA05D36-5D22-4D53-9954-279617B6E14F} = {12473EDB-266D-4889-AB51-110EB163D5A6}
		{7FE23FC7-7D5F-4510-8204-9EE662975350} = {FE441543-AD95-4CF4-A6EC-DAFDE8796A5D}
		{62E55118-DCE1-470F-9442-22D90EE3F7A0} = {FE441543-AD95-4CF4-A6EC-DAFDE8796A5D}
		{43F7B687-9F1A-4A57-8BA6-30CEA03D3C23} = {FE441543-AD95-4CF4-A6EC-DAFDE8796A5D}
		{DA005200-403B-4CAE-9EAD-3CD908F778EC} = {FE441543-AD95-4CF4-A6EC-DAFDE8796A5D}
		{F851B65C-D6F3-4AC6-8ACA-5F3E03A873D3} = {FE441543-AD95-4CF4-A6EC-DAFDE8796A5D}
		{77C8FD6D-AE84-4C7B-842B-AC729D548ED0} = {FE441543-AD95-4CF4-A6EC-DAFDE8796A5D}
		{0B964AFD-4ADB-4E1D-8138-BACA994E95A9} = {078C6DA3-68FE-488A-A031-E87C03BE799C}
		{2D765C90-6703-4820-9E53-0AB37FA11617} = {078C6DA3-68FE-488A-A031-E87C03BE799C}
		{B21DE55B-A918-4FFB-B3CE-460BE7032B79} = {078C6DA3-68FE-488A-A031-E87C03BE799C}
		{6A46AD0B-6CCC-4064-A6B8-207BA5396BE0} = {619F44D4-6533-4B22-B11B-3ABC713EA8E7}
		{52D1EE4D-543A-4E31-8BEE-772FAED9E1AE} = {26EF3FCF-5AC1-4E7D-9C6F-F5430DE50BC7}
		{2A285289-E7B4-4656-8234-FAB895A7D6CD} = {00D52B48-DCBC-4FDD-9C2A-8432A14884CE}
		{FC33DA31-6C44-4BFD-A6B5-D13921601C22} = {00D52B48-DCBC-4FDD-9C2A-8432A14884CE}
		{BAF6C78F-3B4F-452E-B4D1-32841E27FB81} = {12473EDB-266D-4889-AB51-110EB163D5A6}
		{1B263836-72AB-47FC-9A44-7E2146A9B60A} = {12473EDB-266D-4889-AB51-110EB163D5A6}
		{92A0FB23-C21A-4285-B4BF-47D4EA9E59CC} = {12473EDB-266D-4889-AB51-110EB163D5A6}
		{8F01E97C-E7EA-457E-BD18-9FDFDBF2EE14} = {12473EDB-266D-4889-AB51-110EB163D5A6}
	EndGlobalSection
	GlobalSection(ExtensibilityGlobals) = postSolution
		SolutionGuid = {C96A5F95-1D6B-40E8-BF55-A8219F403DE1}
	EndGlobalSection
EndGlobal
